
Microsoft Visual Studio Solution File, Format Version 12.00
# Visual Studio 15
VisualStudioVersion = 15.0.28307.329
MinimumVisualStudioVersion = 10.0.40219.1
Project("{8BC9CEB8-8B4A-11D0-8D11-00A0C91BC942}") = "BitBlt", "BitBlt.vcxproj", "{85EAF2BA-7EE2-468F-A96B-D50B6EA164C5}"
EndProject
Global
	GlobalSection(SolutionConfigurationPlatforms) = preSolution
		Debug|Win32 = Debug|Win32
		Release|Win32 = Release|Win32
	EndGlobalSection
	GlobalSection(ProjectConfigurationPlatforms) = postSolution
		{85EAF2BA-7EE2-468F-A96B-D50B6EA164C5}.Debug|Win32.ActiveCfg = Debug|Win32
		{85EAF2BA-7EE2-468F-A96B-D50B6EA164C5}.Debug|Win32.Build.0 = Debug|Win32
		{85EAF2BA-7EE2-468F-A96B-D50B6EA164C5}.Release|Win32.ActiveCfg = Release|Win32
		{85EAF2BA-7EE2-468F-A96B-D50B6EA164C5}.Release|Win32.Build.0 = Release|Win32
	EndGlobalSection
	GlobalSection(SolutionProperties) = preSolution
		HideSolutionNode = FALSE
	EndGlobalSection
	GlobalSection(ExtensibilityGlobals) = postSolution
		SolutionGuid = {553083D5-EEA4-4FE1-AA29-3456C5BED01C}
	EndGlobalSection
EndGlobal
